// !$*UTF8*$!
{
	archiveVersion = 1;
	classes = {
	};
	objectVersion = 56;
	objects = {

/* Begin PBXBuildFile section */
		AB4758DA2CCD2A200039317C /* GenerateView.swift in Sources */ = {isa = PBXBuildFile; fileRef = AB4758D92CCD2A200039317C /* GenerateView.swift */; };
		AB4758DC2CCD2B450039317C /* FAQView.swift in Sources */ = {isa = PBXBuildFile; fileRef = AB4758DB2CCD2B450039317C /* FAQView.swift */; };
		AB4758DE2CCD2D710039317C /* TestView.swift in Sources */ = {isa = PBXBuildFile; fileRef = AB4758DD2CCD2D710039317C /* TestView.swift */; };
		AB4758E02CCFCF9E0039317C /* WebManager.swift in Sources */ = {isa = PBXBuildFile; fileRef = AB4758DF2CCFCF9E0039317C /* WebManager.swift */; };
		AB4758E22CCFD6850039317C /* TestLink.swift in Sources */ = {isa = PBXBuildFile; fileRef = AB4758E12CCFD6850039317C /* TestLink.swift */; };
		AB4758E52CD550DC0039317C /* NetworkManager.swift in Sources */ = {isa = PBXBuildFile; fileRef = AB4758E42CD550DC0039317C /* NetworkManager.swift */; };
		AB4758E72CD552930039317C /* MBTIModel.swift in Sources */ = {isa = PBXBuildFile; fileRef = AB4758E62CD552930039317C /* MBTIModel.swift */; };
		AB4758EC2CD911750039317C /* GenerateViewModel.swift in Sources */ = {isa = PBXBuildFile; fileRef = AB4758EB2CD911750039317C /* GenerateViewModel.swift */; };
		AB4758EE2CE4E16C0039317C /* test.swift in Sources */ = {isa = PBXBuildFile; fileRef = AB4758ED2CE4E16C0039317C /* test.swift */; };
		ABC0244B2CA04F0D00BF96E8 /* DataManager.swift in Sources */ = {isa = PBXBuildFile; fileRef = ABC0244A2CA04F0D00BF96E8 /* DataManager.swift */; };
		ABC0244D2CA069EF00BF96E8 /* DetailView.swift in Sources */ = {isa = PBXBuildFile; fileRef = ABC0244C2CA069EE00BF96E8 /* DetailView.swift */; };
		ABE379182C61455D00BCC905 /* MBTIAppApp.swift in Sources */ = {isa = PBXBuildFile; fileRef = ABE379172C61455D00BCC905 /* MBTIAppApp.swift */; };
		ABE3791A2C61455D00BCC905 /* ContentView.swift in Sources */ = {isa = PBXBuildFile; fileRef = ABE379192C61455D00BCC905 /* ContentView.swift */; };
		ABE3791C2C61456700BCC905 /* Assets.xcassets in Resources */ = {isa = PBXBuildFile; fileRef = ABE3791B2C61456700BCC905 /* Assets.xcassets */; };
		ABE3791F2C61456700BCC905 /* Preview Assets.xcassets in Resources */ = {isa = PBXBuildFile; fileRef = ABE3791E2C61456700BCC905 /* Preview Assets.xcassets */; };
/* End PBXBuildFile section */

/* Begin PBXFileReference section */
		AB4758D92CCD2A200039317C /* GenerateView.swift */ = {isa = PBXFileReference; lastKnownFileType = sourcecode.swift; path = GenerateView.swift; sourceTree = "<group>"; };
		AB4758DB2CCD2B450039317C /* FAQView.swift */ = {isa = PBXFileReference; lastKnownFileType = sourcecode.swift; path = FAQView.swift; sourceTree = "<group>"; };
		AB4758DD2CCD2D710039317C /* TestView.swift */ = {isa = PBXFileReference; lastKnownFileType = sourcecode.swift; path = TestView.swift; sourceTree = "<group>"; };
		AB4758DF2CCFCF9E0039317C /* WebManager.swift */ = {isa = PBXFileReference; lastKnownFileType = sourcecode.swift; path = WebManager.swift; sourceTree = "<group>"; };
		AB4758E12CCFD6850039317C /* TestLink.swift */ = {isa = PBXFileReference; lastKnownFileType = sourcecode.swift; path = TestLink.swift; sourceTree = "<group>"; };
		AB4758E32CCFDEAC0039317C /* Info.plist */ = {isa = PBXFileReference; lastKnownFileType = text.plist.xml; path = Info.plist; sourceTree = "<group>"; };
		AB4758E42CD550DC0039317C /* NetworkManager.swift */ = {isa = PBXFileReference; lastKnownFileType = sourcecode.swift; path = NetworkManager.swift; sourceTree = "<group>"; };
		AB4758E62CD552930039317C /* MBTIModel.swift */ = {isa = PBXFileReference; lastKnownFileType = sourcecode.swift; path = MBTIModel.swift; sourceTree = "<group>"; };
		AB4758EB2CD911750039317C /* GenerateViewModel.swift */ = {isa = PBXFileReference; lastKnownFileType = sourcecode.swift; path = GenerateViewModel.swift; sourceTree = "<group>"; };
		AB4758ED2CE4E16C0039317C /* test.swift */ = {isa = PBXFileReference; lastKnownFileType = sourcecode.swift; path = test.swift; sourceTree = "<group>"; };
		ABC0244A2CA04F0D00BF96E8 /* DataManager.swift */ = {isa = PBXFileReference; lastKnownFileType = sourcecode.swift; path = DataManager.swift; sourceTree = "<group>"; };
		ABC0244C2CA069EE00BF96E8 /* DetailView.swift */ = {isa = PBXFileReference; lastKnownFileType = sourcecode.swift; path = DetailView.swift; sourceTree = "<group>"; };
		ABE379142C61455D00BCC905 /* MBTIApp.app */ = {isa = PBXFileReference; explicitFileType = wrapper.application; includeInIndex = 0; path = MBTIApp.app; sourceTree = BUILT_PRODUCTS_DIR; };
		ABE379172C61455D00BCC905 /* MBTIAppApp.swift */ = {isa = PBXFileReference; lastKnownFileType = sourcecode.swift; path = MBTIAppApp.swift; sourceTree = "<group>"; };
		ABE379192C61455D00BCC905 /* ContentView.swift */ = {isa = PBXFileReference; lastKnownFileType = sourcecode.swift; path = ContentView.swift; sourceTree = "<group>"; };
		ABE3791B2C61456700BCC905 /* Assets.xcassets */ = {isa = PBXFileReference; lastKnownFileType = folder.assetcatalog; path = Assets.xcassets; sourceTree = "<group>"; };
		ABE3791E2C61456700BCC905 /* Preview Assets.xcassets */ = {isa = PBXFileReference; lastKnownFileType = folder.assetcatalog; path = "Preview Assets.xcassets"; sourceTree = "<group>"; };
/* End PBXFileReference section */

/* Begin PBXFrameworksBuildPhase section */
		ABE379112C61455D00BCC905 /* Frameworks */ = {
			isa = PBXFrameworksBuildPhase;
			buildActionMask = 2147483647;
			files = (
			);
			runOnlyForDeploymentPostprocessing = 0;
		};
/* End PBXFrameworksBuildPhase section */

/* Begin PBXGroup section */
		AB4758E82CD55A200039317C /* DenerateType */ = {
			isa = PBXGroup;
			children = (
			);
			path = DenerateType;
			sourceTree = "<group>";
		};
		AB4758E92CD55A550039317C /* Test */ = {
			isa = PBXGroup;
			children = (
			);
			path = Test;
			sourceTree = "<group>";
		};
		AB4758EA2CD55A5B0039317C /* FAQ */ = {
			isa = PBXGroup;
			children = (
			);
			path = FAQ;
			sourceTree = "<group>";
		};
		ABC024492CA04EF500BF96E8 /* Services */ = {
			isa = PBXGroup;
			children = (
				ABC0244A2CA04F0D00BF96E8 /* DataManager.swift */,
				AB4758E42CD550DC0039317C /* NetworkManager.swift */,
				AB4758DF2CCFCF9E0039317C /* WebManager.swift */,
			);
			path = Services;
			sourceTree = "<group>";
		};
		ABE3790B2C61455D00BCC905 = {
			isa = PBXGroup;
			children = (
				ABE379162C61455D00BCC905 /* MBTIApp */,
				ABE379152C61455D00BCC905 /* Products */,
			);
			sourceTree = "<group>";
		};
		ABE379152C61455D00BCC905 /* Products */ = {
			isa = PBXGroup;
			children = (
				ABE379142C61455D00BCC905 /* MBTIApp.app */,
			);
			name = Products;
			sourceTree = "<group>";
		};
		ABE379162C61455D00BCC905 /* MBTIApp */ = {
			isa = PBXGroup;
			children = (
				AB4758EA2CD55A5B0039317C /* FAQ */,
				AB4758E92CD55A550039317C /* Test */,
				AB4758E82CD55A200039317C /* DenerateType */,
				ABE379172C61455D00BCC905 /* MBTIAppApp.swift */,
				ABE379192C61455D00BCC905 /* ContentView.swift */,
				AB4758D92CCD2A200039317C /* GenerateView.swift */,
				AB4758ED2CE4E16C0039317C /* test.swift */,
				AB4758EB2CD911750039317C /* GenerateViewModel.swift */,
				ABC0244C2CA069EE00BF96E8 /* DetailView.swift */,
				AB4758DD2CCD2D710039317C /* TestView.swift */,
				AB4758E12CCFD6850039317C /* TestLink.swift */,
				AB4758DB2CCD2B450039317C /* FAQView.swift */,
				ABC024492CA04EF500BF96E8 /* Services */,
				ABE3792A2C614BA100BCC905 /* Models */,
				ABE3791D2C61456700BCC905 /* Preview Content */,
				ABE3791B2C61456700BCC905 /* Assets.xcassets */,
				AB4758E32CCFDEAC0039317C /* Info.plist */,
			);
			path = MBTIApp;
			sourceTree = "<group>";
		};
		ABE3791D2C61456700BCC905 /* Preview Content */ = {
			isa = PBXGroup;
			children = (
				ABE3791E2C61456700BCC905 /* Preview Assets.xcassets */,
			);
			path = "Preview Content";
			sourceTree = "<group>";
		};
		ABE3792A2C614BA100BCC905 /* Models */ = {
			isa = PBXGroup;
			children = (
				AB4758E62CD552930039317C /* MBTIModel.swift */,
			);
			path = Models;
			sourceTree = "<group>";
		};
/* End PBXGroup section */

/* Begin PBXNativeTarget section */
		ABE379132C61455D00BCC905 /* MBTIApp */ = {
			isa = PBXNativeTarget;
			buildConfigurationList = ABE379222C61456700BCC905 /* Build configuration list for PBXNativeTarget "MBTIApp" */;
			buildPhases = (
				ABE379102C61455D00BCC905 /* Sources */,
				ABE379112C61455D00BCC905 /* Frameworks */,
				ABE379122C61455D00BCC905 /* Resources */,
			);
			buildRules = (
			);
			dependencies = (
			);
			name = MBTIApp;
			productName = MBTIApp;
			productReference = ABE379142C61455D00BCC905 /* MBTIApp.app */;
			productType = "com.apple.product-type.application";
		};
/* End PBXNativeTarget section */

/* Begin PBXProject section */
		ABE3790C2C61455D00BCC905 /* Project object */ = {
			isa = PBXProject;
			attributes = {
				BuildIndependentTargetsInParallel = 1;
				LastSwiftUpdateCheck = 1540;
				LastUpgradeCheck = 1540;
				TargetAttributes = {
					ABE379132C61455D00BCC905 = {
						CreatedOnToolsVersion = 15.4;
					};
				};
			};
			buildConfigurationList = ABE3790F2C61455D00BCC905 /* Build configuration list for PBXProject "MBTIApp" */;
			compatibilityVersion = "Xcode 14.0";
			developmentRegion = en;
			hasScannedForEncodings = 0;
			knownRegions = (
				en,
				Base,
			);
			mainGroup = ABE3790B2C61455D00BCC905;
			productRefGroup = ABE379152C61455D00BCC905 /* Products */;
			projectDirPath = "";
			projectRoot = "";
			targets = (
				ABE379132C61455D00BCC905 /* MBTIApp */,
			);
		};
/* End PBXProject section */

/* Begin PBXResourcesBuildPhase section */
		ABE379122C61455D00BCC905 /* Resources */ = {
			isa = PBXResourcesBuildPhase;
			buildActionMask = 2147483647;
			files = (
				ABE3791F2C61456700BCC905 /* Preview Assets.xcassets in Resources */,
				ABE3791C2C61456700BCC905 /* Assets.xcassets in Resources */,
			);
			runOnlyForDeploymentPostprocessing = 0;
		};
/* End PBXResourcesBuildPhase section */

/* Begin PBXSourcesBuildPhase section */
		ABE379102C61455D00BCC905 /* Sources */ = {
			isa = PBXSourcesBuildPhase;
			buildActionMask = 2147483647;
			files = (
				ABC0244B2CA04F0D00BF96E8 /* DataManager.swift in Sources */,
				ABE3791A2C61455D00BCC905 /* ContentView.swift in Sources */,
				ABC0244D2CA069EF00BF96E8 /* DetailView.swift in Sources */,
				AB4758EE2CE4E16C0039317C /* test.swift in Sources */,
				AB4758DA2CCD2A200039317C /* GenerateView.swift in Sources */,
				AB4758E52CD550DC0039317C /* NetworkManager.swift in Sources */,
				AB4758DE2CCD2D710039317C /* TestView.swift in Sources */,
				AB4758E22CCFD6850039317C /* TestLink.swift in Sources */,
				AB4758E72CD552930039317C /* MBTIModel.swift in Sources */,
				AB4758DC2CCD2B450039317C /* FAQView.swift in Sources */,
				AB4758EC2CD911750039317C /* GenerateViewModel.swift in Sources */,
				AB4758E02CCFCF9E0039317C /* WebManager.swift in Sources */,
				ABE379182C61455D00BCC905 /* MBTIAppApp.swift in Sources */,
			);
			runOnlyForDeploymentPostprocessing = 0;
		};
/* End PBXSourcesBuildPhase section */

/* Begin XCBuildConfiguration section */
		ABE379202C61456700BCC905 /* Debug */ = {
			isa = XCBuildConfiguration;
			buildSettings = {
				ALWAYS_SEARCH_USER_PATHS = NO;
				ASSETCATALOG_COMPILER_GENERATE_SWIFT_ASSET_SYMBOL_EXTENSIONS = YES;
				CLANG_ANALYZER_NONNULL = YES;
				CLANG_ANALYZER_NUMBER_OBJECT_CONVERSION = YES_AGGRESSIVE;
				CLANG_CXX_LANGUAGE_STANDARD = "gnu++20";
				CLANG_ENABLE_MODULES = YES;
				CLANG_ENABLE_OBJC_ARC = YES;
				CLANG_ENABLE_OBJC_WEAK = YES;
				CLANG_WARN_BLOCK_CAPTURE_AUTORELEASING = YES;
				CLANG_WARN_BOOL_CONVERSION = YES;
				CLANG_WARN_COMMA = YES;
				CLANG_WARN_CONSTANT_CONVERSION = YES;
				CLANG_WARN_DEPRECATED_OBJC_IMPLEMENTATIONS = YES;
				CLANG_WARN_DIRECT_OBJC_ISA_USAGE = YES_ERROR;
				CLANG_WARN_DOCUMENTATION_COMMENTS = YES;
				CLANG_WARN_EMPTY_BODY = YES;
				CLANG_WARN_ENUM_CONVERSION = YES;
				CLANG_WARN_INFINITE_RECURSION = YES;
				CLANG_WARN_INT_CONVERSION = YES;
				CLANG_WARN_NON_LITERAL_NULL_CONVERSION = YES;
				CLANG_WARN_OBJC_IMPLICIT_RETAIN_SELF = YES;
				CLANG_WARN_OBJC_LITERAL_CONVERSION = YES;
				CLANG_WARN_OBJC_ROOT_CLASS = YES_ERROR;
				CLANG_WARN_QUOTED_INCLUDE_IN_FRAMEWORK_HEADER = YES;
				CLANG_WARN_RANGE_LOOP_ANALYSIS = YES;
				CLANG_WARN_STRICT_PROTOTYPES = YES;
				CLANG_WARN_SUSPICIOUS_MOVE = YES;
				CLANG_WARN_UNGUARDED_AVAILABILITY = YES_AGGRESSIVE;
				CLANG_WARN_UNREACHABLE_CODE = YES;
				CLANG_WARN__DUPLICATE_METHOD_MATCH = YES;
				COPY_PHASE_STRIP = NO;
				DEBUG_INFORMATION_FORMAT = dwarf;
				ENABLE_STRICT_OBJC_MSGSEND = YES;
				ENABLE_TESTABILITY = YES;
				ENABLE_USER_SCRIPT_SANDBOXING = YES;
				GCC_C_LANGUAGE_STANDARD = gnu17;
				GCC_DYNAMIC_NO_PIC = NO;
				GCC_NO_COMMON_BLOCKS = YES;
				GCC_OPTIMIZATION_LEVEL = 0;
				GCC_PREPROCESSOR_DEFINITIONS = (
					"DEBUG=1",
					"$(inherited)",
				);
				GCC_WARN_64_TO_32_BIT_CONVERSION = YES;
				GCC_WARN_ABOUT_RETURN_TYPE = YES_ERROR;
				GCC_WARN_UNDECLARED_SELECTOR = YES;
				GCC_WARN_UNINITIALIZED_AUTOS = YES_AGGRESSIVE;
				GCC_WARN_UNUSED_FUNCTION = YES;
				GCC_WARN_UNUSED_VARIABLE = YES;
				IPHONEOS_DEPLOYMENT_TARGET = 17.5;
				LOCALIZATION_PREFERS_STRING_CATALOGS = YES;
				MTL_ENABLE_DEBUG_INFO = INCLUDE_SOURCE;
				MTL_FAST_MATH = YES;
				ONLY_ACTIVE_ARCH = YES;
				SDKROOT = iphoneos;
				SWIFT_ACTIVE_COMPILATION_CONDITIONS = "DEBUG $(inherited)";
				SWIFT_OPTIMIZATION_LEVEL = "-Onone";
			};
			name = Debug;
		};
		ABE379212C61456700BCC905 /* Release */ = {
			isa = XCBuildConfiguration;
			buildSettings = {
				ALWAYS_SEARCH_USER_PATHS = NO;
				ASSETCATALOG_COMPILER_GENERATE_SWIFT_ASSET_SYMBOL_EXTENSIONS = YES;
				CLANG_ANALYZER_NONNULL = YES;
				CLANG_ANALYZER_NUMBER_OBJECT_CONVERSION = YES_AGGRESSIVE;
				CLANG_CXX_LANGUAGE_STANDARD = "gnu++20";
				CLANG_ENABLE_MODULES = YES;
				CLANG_ENABLE_OBJC_ARC = YES;
				CLANG_ENABLE_OBJC_WEAK = YES;
				CLANG_WARN_BLOCK_CAPTURE_AUTORELEASING = YES;
				CLANG_WARN_BOOL_CONVERSION = YES;
				CLANG_WARN_COMMA = YES;
				CLANG_WARN_CONSTANT_CONVERSION = YES;
				CLANG_WARN_DEPRECATED_OBJC_IMPLEMENTATIONS = YES;
				CLANG_WARN_DIRECT_OBJC_ISA_USAGE = YES_ERROR;
				CLANG_WARN_DOCUMENTATION_COMMENTS = YES;
				CLANG_WARN_EMPTY_BODY = YES;
				CLANG_WARN_ENUM_CONVERSION = YES;
				CLANG_WARN_INFINITE_RECURSION = YES;
				CLANG_WARN_INT_CONVERSION = YES;
				CLANG_WARN_NON_LITERAL_NULL_CONVERSION = YES;
				CLANG_WARN_OBJC_IMPLICIT_RETAIN_SELF = YES;
				CLANG_WARN_OBJC_LITERAL_CONVERSION = YES;
				CLANG_WARN_OBJC_ROOT_CLASS = YES_ERROR;
				CLANG_WARN_QUOTED_INCLUDE_IN_FRAMEWORK_HEADER = YES;
				CLANG_WARN_RANGE_LOOP_ANALYSIS = YES;
				CLANG_WARN_STRICT_PROTOTYPES = YES;
				CLANG_WARN_SUSPICIOUS_MOVE = YES;
				CLANG_WARN_UNGUARDED_AVAILABILITY = YES_AGGRESSIVE;
				CLANG_WARN_UNREACHABLE_CODE = YES;
				CLANG_WARN__DUPLICATE_METHOD_MATCH = YES;
				COPY_PHASE_STRIP = NO;
				DEBUG_INFORMATION_FORMAT = "dwarf-with-dsym";
				ENABLE_NS_ASSERTIONS = NO;
				ENABLE_STRICT_OBJC_MSGSEND = YES;
				ENABLE_USER_SCRIPT_SANDBOXING = YES;
				GCC_C_LANGUAGE_STANDARD = gnu17;
				GCC_NO_COMMON_BLOCKS = YES;
				GCC_WARN_64_TO_32_BIT_CONVERSION = YES;
				GCC_WARN_ABOUT_RETURN_TYPE = YES_ERROR;
				GCC_WARN_UNDECLARED_SELECTOR = YES;
				GCC_WARN_UNINITIALIZED_AUTOS = YES_AGGRESSIVE;
				GCC_WARN_UNUSED_FUNCTION = YES;
				GCC_WARN_UNUSED_VARIABLE = YES;
				IPHONEOS_DEPLOYMENT_TARGET = 17.5;
				LOCALIZATION_PREFERS_STRING_CATALOGS = YES;
				MTL_ENABLE_DEBUG_INFO = NO;
				MTL_FAST_MATH = YES;
				SDKROOT = iphoneos;
				SWIFT_COMPILATION_MODE = wholemodule;
				VALIDATE_PRODUCT = YES;
			};
			name = Release;
		};
		ABE379232C61456700BCC905 /* Debug */ = {
			isa = XCBuildConfiguration;
			buildSettings = {
				ASSETCATALOG_COMPILER_APPICON_NAME = AppIcon;
				ASSETCATALOG_COMPILER_GLOBAL_ACCENT_COLOR_NAME = AccentColor;
				CODE_SIGN_STYLE = Automatic;
				CURRENT_PROJECT_VERSION = 1;
				DEVELOPMENT_ASSET_PATHS = "\"MBTIApp/Preview Content\"";
				DEVELOPMENT_TEAM = GXFTAP3CFN;
				ENABLE_PREVIEWS = YES;
				GENERATE_INFOPLIST_FILE = YES;
				INFOPLIST_FILE = MBTIApp/Info.plist;
				INFOPLIST_KEY_UIApplicationSceneManifest_Generation = YES;
				INFOPLIST_KEY_UIApplicationSupportsIndirectInputEvents = YES;
				INFOPLIST_KEY_UISupportedInterfaceOrientations = UIInterfaceOrientationPortrait;
				INFOPLIST_KEY_UISupportedInterfaceOrientations_iPad = "UIInterfaceOrientationLandscapeLeft UIInterfaceOrientationLandscapeRight UIInterfaceOrientationPortrait UIInterfaceOrientationPortraitUpsideDown";
				LD_RUNPATH_SEARCH_PATHS = (
					"$(inherited)",
					"@executable_path/Frameworks",
				);
				MARKETING_VERSION = 1.0;
				PRODUCT_BUNDLE_IDENTIFIER = ru.tio.MBTIApp;
				PRODUCT_NAME = "$(TARGET_NAME)";
				SUPPORTED_PLATFORMS = "iphoneos iphonesimulator";
				SUPPORTS_MACCATALYST = NO;
				SUPPORTS_MAC_DESIGNED_FOR_IPHONE_IPAD = NO;
				SUPPORTS_XR_DESIGNED_FOR_IPHONE_IPAD = NO;
				SWIFT_EMIT_LOC_STRINGS = YES;
				SWIFT_VERSION = 5.0;
				TARGETED_DEVICE_FAMILY = 1;
			};
			name = Debug;
		};
		ABE379242C61456700BCC905 /* Release */ = {
			isa = XCBuildConfiguration;
			buildSettings = {
				ASSETCATALOG_COMPILER_APPICON_NAME = AppIcon;
				ASSETCATALOG_COMPILER_GLOBAL_ACCENT_COLOR_NAME = AccentColor;
				CODE_SIGN_STYLE = Automatic;
				CURRENT_PROJECT_VERSION = 1;
				DEVELOPMENT_ASSET_PATHS = "\"MBTIApp/Preview Content\"";
				DEVELOPMENT_TEAM = GXFTAP3CFN;
				ENABLE_PREVIEWS = YES;
				GENERATE_INFOPLIST_FILE = YES;
				INFOPLIST_FILE = MBTIApp/Info.plist;
				INFOPLIST_KEY_UIApplicationSceneManifest_Generation = YES;
				INFOPLIST_KEY_UIApplicationSupportsIndirectInputEvents = YES;
				INFOPLIST_KEY_UISupportedInterfaceOrientations = UIInterfaceOrientationPortrait;
				INFOPLIST_KEY_UISupportedInterfaceOrientations_iPad = "UIInterfaceOrientationLandscapeLeft UIInterfaceOrientationLandscapeRight UIInterfaceOrientationPortrait UIInterfaceOrientationPortraitUpsideDown";
				LD_RUNPATH_SEARCH_PATHS = (
					"$(inherited)",
					"@executable_path/Frameworks",
				);
				MARKETING_VERSION = 1.0;
				PRODUCT_BUNDLE_IDENTIFIER = ru.tio.MBTIApp;
				PRODUCT_NAME = "$(TARGET_NAME)";
				SUPPORTED_PLATFORMS = "iphoneos iphonesimulator";
				SUPPORTS_MACCATALYST = NO;
				SUPPORTS_MAC_DESIGNED_FOR_IPHONE_IPAD = NO;
				SUPPORTS_XR_DESIGNED_FOR_IPHONE_IPAD = NO;
				SWIFT_EMIT_LOC_STRINGS = YES;
				SWIFT_VERSION = 5.0;
				TARGETED_DEVICE_FAMILY = 1;
			};
			name = Release;
		};
/* End XCBuildConfiguration section */

/* Begin XCConfigurationList section */
		ABE3790F2C61455D00BCC905 /* Build configuration list for PBXProject "MBTIApp" */ = {
			isa = XCConfigurationList;
			buildConfigurations = (
				ABE379202C61456700BCC905 /* Debug */,
				ABE379212C61456700BCC905 /* Release */,
			);
			defaultConfigurationIsVisible = 0;
			defaultConfigurationName = Release;
		};
		ABE379222C61456700BCC905 /* Build configuration list for PBXNativeTarget "MBTIApp" */ = {
			isa = XCConfigurationList;
			buildConfigurations = (
				ABE379232C61456700BCC905 /* Debug */,
				ABE379242C61456700BCC905 /* Release */,
			);
			defaultConfigurationIsVisible = 0;
			defaultConfigurationName = Release;
		};
/* End XCConfigurationList section */
	};
	rootObject = ABE3790C2C61455D00BCC905 /* Project object */;
}
